{
    "version": 3,
    "terraform_version": "0.11.11",
    "serial": 16,
    "lineage": "47d911be-e6c8-9490-0a23-cfb4ae9c91d4",
    "modules": [
        {
            "path": [
                "root"
            ],
            "outputs": {
                "storage-bucket_url": {
                    "sensitive": false,
                    "type": "list",
                    "value": [
                        "gs://my_storage-bucket-test",
                        "gs://my_second_storage-bucket-test"
                    ]
                }
            },
            "resources": {},
            "depends_on": []
        },
        {
            "path": [
                "root",
                "storage_bucket"
            ],
            "outputs": {
                "name": {
                    "sensitive": false,
                    "type": "list",
                    "value": [
                        "my_storage-bucket-test",
                        "my_second_storage-bucket-test"
                    ]
                },
                "self_link": {
                    "sensitive": false,
                    "type": "list",
                    "value": [
                        "https://www.googleapis.com/storage/v1/b/my_storage-bucket-test",
                        "https://www.googleapis.com/storage/v1/b/my_second_storage-bucket-test"
                    ]
                },
                "url": {
                    "sensitive": false,
                    "type": "list",
                    "value": [
                        "gs://my_storage-bucket-test",
                        "gs://my_second_storage-bucket-test"
                    ]
                }
            },
            "resources": {
                "data.google_client_config.default": {
                    "type": "google_client_config",
                    "depends_on": [],
                    "primary": {
                        "id": "2022-01-14 11:42:01.8897842 +0000 UTC",
                        "attributes": {
                            "access_token": "ya29.A0ARrdaM_js9bWdTdso3yBbvZlhq-Mgp4Ik8agvE3C08dFb9-7mmqY4SIsVm9iOJuRwCpcX6vzFeRgnjE8giuA7Kwr3DhNHNkuzLkEVIGjPJHVMO9CmY-IZbcQGnxkRD9ppAnmKLcuBRj6UW-sFlfKIgDGKKUSgA",
                            "id": "2022-01-14 11:42:01.8897842 +0000 UTC",
                            "project": "infra-333609",
                            "region": "europe-west1"
                        },
                        "meta": {},
                        "tainted": false
                    },
                    "deposed": [],
                    "provider": "provider.google"
                },
                "google_storage_bucket.default.0": {
                    "type": "google_storage_bucket",
                    "depends_on": [
                        "data.google_client_config.default"
                    ],
                    "primary": {
                        "id": "my_storage-bucket-test",
                        "attributes": {
                            "cors.#": "0",
                            "encryption.#": "0",
                            "force_destroy": "false",
                            "id": "my_storage-bucket-test",
                            "labels.%": "0",
                            "lifecycle_rule.#": "1",
                            "lifecycle_rule.0.action.#": "1",
                            "lifecycle_rule.0.action.326341837.storage_class": "NEARLINE",
                            "lifecycle_rule.0.action.326341837.type": "SetStorageClass",
                            "lifecycle_rule.0.condition.#": "1",
                            "lifecycle_rule.0.condition.3516638099.age": "60",
                            "lifecycle_rule.0.condition.3516638099.created_before": "2017-06-13",
                            "lifecycle_rule.0.condition.3516638099.is_live": "false",
                            "lifecycle_rule.0.condition.3516638099.matches_storage_class.#": "1",
                            "lifecycle_rule.0.condition.3516638099.matches_storage_class.0": "REGIONAL",
                            "lifecycle_rule.0.condition.3516638099.num_newer_versions": "10",
                            "location": "EUROPE-WEST1",
                            "logging.#": "0",
                            "name": "my_storage-bucket-test",
                            "project": "infra-333609",
                            "requester_pays": "false",
                            "self_link": "https://www.googleapis.com/storage/v1/b/my_storage-bucket-test",
                            "storage_class": "REGIONAL",
                            "url": "gs://my_storage-bucket-test",
                            "versioning.#": "1",
                            "versioning.0.enabled": "true"
                        },
                        "meta": {},
                        "tainted": false
                    },
                    "deposed": [],
                    "provider": "provider.google"
                },
                "google_storage_bucket.default.1": {
                    "type": "google_storage_bucket",
                    "depends_on": [
                        "data.google_client_config.default"
                    ],
                    "primary": {
                        "id": "my_second_storage-bucket-test",
                        "attributes": {
                            "cors.#": "0",
                            "encryption.#": "0",
                            "force_destroy": "false",
                            "id": "my_second_storage-bucket-test",
                            "labels.%": "0",
                            "lifecycle_rule.#": "1",
                            "lifecycle_rule.0.action.#": "1",
                            "lifecycle_rule.0.action.326341837.storage_class": "NEARLINE",
                            "lifecycle_rule.0.action.326341837.type": "SetStorageClass",
                            "lifecycle_rule.0.condition.#": "1",
                            "lifecycle_rule.0.condition.3516638099.age": "60",
                            "lifecycle_rule.0.condition.3516638099.created_before": "2017-06-13",
                            "lifecycle_rule.0.condition.3516638099.is_live": "false",
                            "lifecycle_rule.0.condition.3516638099.matches_storage_class.#": "1",
                            "lifecycle_rule.0.condition.3516638099.matches_storage_class.0": "REGIONAL",
                            "lifecycle_rule.0.condition.3516638099.num_newer_versions": "10",
                            "location": "EUROPE-WEST1",
                            "logging.#": "0",
                            "name": "my_second_storage-bucket-test",
                            "project": "infra-333609",
                            "requester_pays": "false",
                            "self_link": "https://www.googleapis.com/storage/v1/b/my_second_storage-bucket-test",
                            "storage_class": "REGIONAL",
                            "url": "gs://my_second_storage-bucket-test",
                            "versioning.#": "1",
                            "versioning.0.enabled": "true"
                        },
                        "meta": {},
                        "tainted": false
                    },
                    "deposed": [],
                    "provider": "provider.google"
                }
            },
            "depends_on": []
        }
    ]
}
